
Microsoft Visual Studio Solution File, Format Version 12.00
# Visual Studio Version 17
VisualStudioVersion = 17.5.33627.172
MinimumVisualStudioVersion = 10.0.40219.1
Project("{FAE04EC0-301F-11D3-BF4B-00C04F79EFBC}") = "WinFormsApp2", "WinFormsApp2\WinFormsApp2.csproj", "{ADE535EC-E542-4A3C-9183-B3F070CE8502}"
EndProject
Global
	GlobalSection(SolutionConfigurationPlatforms) = preSolution
		Debug|Any CPU = Debug|Any CPU
		Release|Any CPU = Release|Any CPU
	EndGlobalSection
	GlobalSection(ProjectConfigurationPlatforms) = postSolution
		{ADE535EC-E542-4A3C-9183-B3F070CE8502}.Debug|Any CPU.ActiveCfg = Debug|Any CPU
		{ADE535EC-E542-4A3C-9183-B3F070CE8502}.Debug|Any CPU.Build.0 = Debug|Any CPU
		{ADE535EC-E542-4A3C-9183-B3F070CE8502}.Release|Any CPU.ActiveCfg = Release|Any CPU
		{ADE535EC-E542-4A3C-9183-B3F070CE8502}.Release|Any CPU.Build.0 = Release|Any CPU
	EndGlobalSection
	GlobalSection(SolutionProperties) = preSolution
		HideSolutionNode = FALSE
	EndGlobalSection
	GlobalSection(ExtensibilityGlobals) = postSolution
		SolutionGuid = {63DEB159-D1DA-438D-BAB1-00CF249E35A1}
	EndGlobalSection
EndGlobal
